
Microsoft Visual Studio Solution File, Format Version 12.00
# Visual Studio Version 16
VisualStudioVersion = 16.0.34114.132
MinimumVisualStudioVersion = 10.0.40219.1
Project("{FAE04EC0-301F-11D3-BF4B-00C04F79EFBC}") = "Cs_Project_11", "Cs_Project_11\Cs_Project_11.csproj", "{7BE9AFC8-C028-42DC-BC90-660D3D49E785}"
EndProject
Global
	GlobalSection(SolutionConfigurationPlatforms) = preSolution
		Debug|Any CPU = Debug|Any CPU
		Release|Any CPU = Release|Any CPU
	EndGlobalSection
	GlobalSection(ProjectConfigurationPlatforms) = postSolution
		{7BE9AFC8-C028-42DC-BC90-660D3D49E785}.Debug|Any CPU.ActiveCfg = Debug|Any CPU
		{7BE9AFC8-C028-42DC-BC90-660D3D49E785}.Debug|Any CPU.Build.0 = Debug|Any CPU
		{7BE9AFC8-C028-42DC-BC90-660D3D49E785}.Release|Any CPU.ActiveCfg = Release|Any CPU
		{7BE9AFC8-C028-42DC-BC90-660D3D49E785}.Release|Any CPU.Build.0 = Release|Any CPU
	EndGlobalSection
	GlobalSection(SolutionProperties) = preSolution
		HideSolutionNode = FALSE
	EndGlobalSection
	GlobalSection(ExtensibilityGlobals) = postSolution
		SolutionGuid = {7BE547BB-FFEF-4988-9B32-207BC4F12F20}
	EndGlobalSection
EndGlobal
